// !$*UTF8*$!
{
	archiveVersion = 1;
	classes = {
	};
	objectVersion = 46;
	objects = {

/* Begin PBXBuildFile section */
		E333F3FD172B1F300089410C /* UIKit.framework in Frameworks */ = {isa = PBXBuildFile; fileRef = E333F3FC172B1F300089410C /* UIKit.framework */; };
		E333F3FF172B1F300089410C /* Foundation.framework in Frameworks */ = {isa = PBXBuildFile; fileRef = E333F3FE172B1F300089410C /* Foundation.framework */; };
		E333F401172B1F300089410C /* CoreGraphics.framework in Frameworks */ = {isa = PBXBuildFile; fileRef = E333F400172B1F300089410C /* CoreGraphics.framework */; };
		E333F407172B1F300089410C /* InfoPlist.strings in Resources */ = {isa = PBXBuildFile; fileRef = E333F405172B1F300089410C /* InfoPlist.strings */; };
		E333F409172B1F300089410C /* main.m in Sources */ = {isa = PBXBuildFile; fileRef = E333F408172B1F300089410C /* main.m */; };
		E333F40D172B1F300089410C /* LXAppDelegate.m in Sources */ = {isa = PBXBuildFile; fileRef = E333F40C172B1F300089410C /* LXAppDelegate.m */; };
		E333F40F172B1F300089410C /* Default.png in Resources */ = {isa = PBXBuildFile; fileRef = E333F40E172B1F300089410C /* Default.png */; };
		E333F411172B1F300089410C /* Default@2x.png in Resources */ = {isa = PBXBuildFile; fileRef = E333F410172B1F300089410C /* Default@2x.png */; };
		E333F413172B1F300089410C /* Default-568h@2x.png in Resources */ = {isa = PBXBuildFile; fileRef = E333F412172B1F300089410C /* Default-568h@2x.png */; };
		E373A0FA175217BB003D4FB3 /* UIColor+LXAdditions.m in Sources */ = {isa = PBXBuildFile; fileRef = E373A0F9175217BB003D4FB3 /* UIColor+LXAdditions.m */; };
		E373A0FD175220AD003D4FB3 /* UIFont+LXAdditions.m in Sources */ = {isa = PBXBuildFile; fileRef = E373A0FC175220AD003D4FB3 /* UIFont+LXAdditions.m */; };
		E373A10117522EE5003D4FB3 /* IADrawingUtilities.m in Sources */ = {isa = PBXBuildFile; fileRef = E373A10017522EE5003D4FB3 /* IADrawingUtilities.m */; };
		E373A10517523B3D003D4FB3 /* LXItemsViewController.m in Sources */ = {isa = PBXBuildFile; fileRef = E373A10417523B3D003D4FB3 /* LXItemsViewController.m */; };
		E373A10F17525B81003D4FB3 /* LXItemCell.m in Sources */ = {isa = PBXBuildFile; fileRef = E373A10E17525B81003D4FB3 /* LXItemCell.m */; };
		E373A1141752654B003D4FB3 /* NSObject+IAExtras.m in Sources */ = {isa = PBXBuildFile; fileRef = E373A1111752654B003D4FB3 /* NSObject+IAExtras.m */; };
		E373A1151752654B003D4FB3 /* UIGestureRecognizer+IAExtras.m in Sources */ = {isa = PBXBuildFile; fileRef = E373A1131752654B003D4FB3 /* UIGestureRecognizer+IAExtras.m */; };
		E391B135174FFF14009A8C1B /* LXFeedsViewController.m in Sources */ = {isa = PBXBuildFile; fileRef = E391B134174FFF13009A8C1B /* LXFeedsViewController.m */; };
		E391B13F17500449009A8C1B /* LXFeedsCollectionViewLayout.m in Sources */ = {isa = PBXBuildFile; fileRef = E391B13E17500449009A8C1B /* LXFeedsCollectionViewLayout.m */; };
		E391B143175006FD009A8C1B /* LXFeedCell.m in Sources */ = {isa = PBXBuildFile; fileRef = E391B142175006FD009A8C1B /* LXFeedCell.m */; };
		E3AA227317512B3B00AD895E /* MAKVONotificationCenter.framework in Frameworks */ = {isa = PBXBuildFile; fileRef = E3AA227217512B3B00AD895E /* MAKVONotificationCenter.framework */; };
		E3AA22751751393600AD895E /* QuartzCore.framework in Frameworks */ = {isa = PBXBuildFile; fileRef = E3AA22741751393600AD895E /* QuartzCore.framework */; };
		E3B614E7172B263E00D017CB /* LXFeed.m in Sources */ = {isa = PBXBuildFile; fileRef = E3B614E6172B263E00D017CB /* LXFeed.m */; };
		E3B615E8172B340B00D017CB /* LXVideo.m in Sources */ = {isa = PBXBuildFile; fileRef = E3B615E7172B340B00D017CB /* LXVideo.m */; };
		E3B615ED172B347100D017CB /* LXVideoView.m in Sources */ = {isa = PBXBuildFile; fileRef = E3B615EC172B347100D017CB /* LXVideoView.m */; };
		E3B615F0172B347F00D017CB /* LXVideoControlsView.m in Sources */ = {isa = PBXBuildFile; fileRef = E3B615EF172B347F00D017CB /* LXVideoControlsView.m */; };
		E3B615F2172B354500D017CB /* AFNetworking.framework in Frameworks */ = {isa = PBXBuildFile; fileRef = E3B615F1172B354500D017CB /* AFNetworking.framework */; };
		E3B615F5172B35FA00D017CB /* LXFeedParser.m in Sources */ = {isa = PBXBuildFile; fileRef = E3B615F4172B35FA00D017CB /* LXFeedParser.m */; };
		E3B615F7172B3E6400D017CB /* MobileCoreServices.framework in Frameworks */ = {isa = PBXBuildFile; fileRef = E3B615F6172B3E6400D017CB /* MobileCoreServices.framework */; };
		E3B615F9172B3E6B00D017CB /* SystemConfiguration.framework in Frameworks */ = {isa = PBXBuildFile; fileRef = E3B615F8172B3E6A00D017CB /* SystemConfiguration.framework */; };
		E3CF968A174EB26F00D67968 /* LXItem.m in Sources */ = {isa = PBXBuildFile; fileRef = E3CF9689174EB26E00D67968 /* LXItem.m */; };
/* End PBXBuildFile section */

/* Begin PBXFileReference section */
		E333F3F9172B1F300089410C /* Luxor.app */ = {isa = PBXFileReference; explicitFileType = wrapper.application; includeInIndex = 0; path = Luxor.app; sourceTree = BUILT_PRODUCTS_DIR; };
		E333F3FC172B1F300089410C /* UIKit.framework */ = {isa = PBXFileReference; lastKnownFileType = wrapper.framework; name = UIKit.framework; path = System/Library/Frameworks/UIKit.framework; sourceTree = SDKROOT; };
		E333F3FE172B1F300089410C /* Foundation.framework */ = {isa = PBXFileReference; lastKnownFileType = wrapper.framework; name = Foundation.framework; path = System/Library/Frameworks/Foundation.framework; sourceTree = SDKROOT; };
		E333F400172B1F300089410C /* CoreGraphics.framework */ = {isa = PBXFileReference; lastKnownFileType = wrapper.framework; name = CoreGraphics.framework; path = System/Library/Frameworks/CoreGraphics.framework; sourceTree = SDKROOT; };
		E333F404172B1F300089410C /* Luxor-Info.plist */ = {isa = PBXFileReference; lastKnownFileType = text.plist.xml; path = "Luxor-Info.plist"; sourceTree = "<group>"; };
		E333F406172B1F300089410C /* en */ = {isa = PBXFileReference; lastKnownFileType = text.plist.strings; name = en; path = en.lproj/InfoPlist.strings; sourceTree = "<group>"; };
		E333F408172B1F300089410C /* main.m */ = {isa = PBXFileReference; lastKnownFileType = sourcecode.c.objc; path = main.m; sourceTree = "<group>"; };
		E333F40A172B1F300089410C /* Luxor-Prefix.pch */ = {isa = PBXFileReference; lastKnownFileType = sourcecode.c.h; path = "Luxor-Prefix.pch"; sourceTree = "<group>"; };
		E333F40B172B1F300089410C /* LXAppDelegate.h */ = {isa = PBXFileReference; lastKnownFileType = sourcecode.c.h; path = LXAppDelegate.h; sourceTree = "<group>"; };
		E333F40C172B1F300089410C /* LXAppDelegate.m */ = {isa = PBXFileReference; lastKnownFileType = sourcecode.c.objc; path = LXAppDelegate.m; sourceTree = "<group>"; };
		E333F40E172B1F300089410C /* Default.png */ = {isa = PBXFileReference; lastKnownFileType = image.png; path = Default.png; sourceTree = "<group>"; };
		E333F410172B1F300089410C /* Default@2x.png */ = {isa = PBXFileReference; lastKnownFileType = image.png; path = "Default@2x.png"; sourceTree = "<group>"; };
		E333F412172B1F300089410C /* Default-568h@2x.png */ = {isa = PBXFileReference; lastKnownFileType = image.png; path = "Default-568h@2x.png"; sourceTree = "<group>"; };
		E373A0F8175217BB003D4FB3 /* UIColor+LXAdditions.h */ = {isa = PBXFileReference; fileEncoding = 4; lastKnownFileType = sourcecode.c.h; path = "UIColor+LXAdditions.h"; sourceTree = "<group>"; };
		E373A0F9175217BB003D4FB3 /* UIColor+LXAdditions.m */ = {isa = PBXFileReference; fileEncoding = 4; lastKnownFileType = sourcecode.c.objc; path = "UIColor+LXAdditions.m"; sourceTree = "<group>"; };
		E373A0FB175220AD003D4FB3 /* UIFont+LXAdditions.h */ = {isa = PBXFileReference; fileEncoding = 4; lastKnownFileType = sourcecode.c.h; path = "UIFont+LXAdditions.h"; sourceTree = "<group>"; };
		E373A0FC175220AD003D4FB3 /* UIFont+LXAdditions.m */ = {isa = PBXFileReference; fileEncoding = 4; lastKnownFileType = sourcecode.c.objc; path = "UIFont+LXAdditions.m"; sourceTree = "<group>"; };
		E373A0FF17522EE5003D4FB3 /* IADrawingUtilities.h */ = {isa = PBXFileReference; fileEncoding = 4; lastKnownFileType = sourcecode.c.h; path = IADrawingUtilities.h; sourceTree = "<group>"; };
		E373A10017522EE5003D4FB3 /* IADrawingUtilities.m */ = {isa = PBXFileReference; fileEncoding = 4; lastKnownFileType = sourcecode.c.objc; path = IADrawingUtilities.m; sourceTree = "<group>"; };
		E373A10317523B3D003D4FB3 /* LXItemsViewController.h */ = {isa = PBXFileReference; fileEncoding = 4; lastKnownFileType = sourcecode.c.h; path = LXItemsViewController.h; sourceTree = "<group>"; };
		E373A10417523B3D003D4FB3 /* LXItemsViewController.m */ = {isa = PBXFileReference; fileEncoding = 4; lastKnownFileType = sourcecode.c.objc; path = LXItemsViewController.m; sourceTree = "<group>"; };
		E373A10D17525B81003D4FB3 /* LXItemCell.h */ = {isa = PBXFileReference; fileEncoding = 4; lastKnownFileType = sourcecode.c.h; path = LXItemCell.h; sourceTree = "<group>"; };
		E373A10E17525B81003D4FB3 /* LXItemCell.m */ = {isa = PBXFileReference; fileEncoding = 4; lastKnownFileType = sourcecode.c.objc; path = LXItemCell.m; sourceTree = "<group>"; };
		E373A1101752654B003D4FB3 /* NSObject+IAExtras.h */ = {isa = PBXFileReference; fileEncoding = 4; lastKnownFileType = sourcecode.c.h; path = "NSObject+IAExtras.h"; sourceTree = "<group>"; };
		E373A1111752654B003D4FB3 /* NSObject+IAExtras.m */ = {isa = PBXFileReference; fileEncoding = 4; lastKnownFileType = sourcecode.c.objc; path = "NSObject+IAExtras.m"; sourceTree = "<group>"; };
		E373A1121752654B003D4FB3 /* UIGestureRecognizer+IAExtras.h */ = {isa = PBXFileReference; fileEncoding = 4; lastKnownFileType = sourcecode.c.h; path = "UIGestureRecognizer+IAExtras.h"; sourceTree = "<group>"; };
		E373A1131752654B003D4FB3 /* UIGestureRecognizer+IAExtras.m */ = {isa = PBXFileReference; fileEncoding = 4; lastKnownFileType = sourcecode.c.objc; path = "UIGestureRecognizer+IAExtras.m"; sourceTree = "<group>"; };
		E373A11617526555003D4FB3 /* IACoreKitGlobals.h */ = {isa = PBXFileReference; lastKnownFileType = sourcecode.c.h; path = IACoreKitGlobals.h; sourceTree = "<group>"; };
		E391B133174FFF13009A8C1B /* LXFeedsViewController.h */ = {isa = PBXFileReference; fileEncoding = 4; lastKnownFileType = sourcecode.c.h; path = LXFeedsViewController.h; sourceTree = "<group>"; };
		E391B134174FFF13009A8C1B /* LXFeedsViewController.m */ = {isa = PBXFileReference; fileEncoding = 4; lastKnownFileType = sourcecode.c.objc; path = LXFeedsViewController.m; sourceTree = "<group>"; };
		E391B13D17500449009A8C1B /* LXFeedsCollectionViewLayout.h */ = {isa = PBXFileReference; fileEncoding = 4; lastKnownFileType = sourcecode.c.h; path = LXFeedsCollectionViewLayout.h; sourceTree = "<group>"; };
		E391B13E17500449009A8C1B /* LXFeedsCollectionViewLayout.m */ = {isa = PBXFileReference; fileEncoding = 4; lastKnownFileType = sourcecode.c.objc; path = LXFeedsCollectionViewLayout.m; sourceTree = "<group>"; };
		E391B141175006FD009A8C1B /* LXFeedCell.h */ = {isa = PBXFileReference; fileEncoding = 4; lastKnownFileType = sourcecode.c.h; path = LXFeedCell.h; sourceTree = "<group>"; };
		E391B142175006FD009A8C1B /* LXFeedCell.m */ = {isa = PBXFileReference; fileEncoding = 4; lastKnownFileType = sourcecode.c.objc; path = LXFeedCell.m; sourceTree = "<group>"; };
		E3AA227217512B3B00AD895E /* MAKVONotificationCenter.framework */ = {isa = PBXFileReference; lastKnownFileType = wrapper.framework; name = MAKVONotificationCenter.framework; path = External/MAKVONotificationCenter.framework; sourceTree = "<group>"; };
		E3AA22741751393600AD895E /* QuartzCore.framework */ = {isa = PBXFileReference; lastKnownFileType = wrapper.framework; name = QuartzCore.framework; path = System/Library/Frameworks/QuartzCore.framework; sourceTree = SDKROOT; };
		E3B614E5172B263E00D017CB /* LXFeed.h */ = {isa = PBXFileReference; fileEncoding = 4; lastKnownFileType = sourcecode.c.h; path = LXFeed.h; sourceTree = "<group>"; };
		E3B614E6172B263E00D017CB /* LXFeed.m */ = {isa = PBXFileReference; fileEncoding = 4; lastKnownFileType = sourcecode.c.objc; path = LXFeed.m; sourceTree = "<group>"; };
		E3B615E6172B340B00D017CB /* LXVideo.h */ = {isa = PBXFileReference; fileEncoding = 4; lastKnownFileType = sourcecode.c.h; path = LXVideo.h; sourceTree = "<group>"; };
		E3B615E7172B340B00D017CB /* LXVideo.m */ = {isa = PBXFileReference; fileEncoding = 4; lastKnownFileType = sourcecode.c.objc; path = LXVideo.m; sourceTree = "<group>"; };
		E3B615EB172B347100D017CB /* LXVideoView.h */ = {isa = PBXFileReference; fileEncoding = 4; lastKnownFileType = sourcecode.c.h; path = LXVideoView.h; sourceTree = "<group>"; };
		E3B615EC172B347100D017CB /* LXVideoView.m */ = {isa = PBXFileReference; fileEncoding = 4; lastKnownFileType = sourcecode.c.objc; path = LXVideoView.m; sourceTree = "<group>"; };
		E3B615EE172B347F00D017CB /* LXVideoControlsView.h */ = {isa = PBXFileReference; fileEncoding = 4; lastKnownFileType = sourcecode.c.h; path = LXVideoControlsView.h; sourceTree = "<group>"; };
		E3B615EF172B347F00D017CB /* LXVideoControlsView.m */ = {isa = PBXFileReference; fileEncoding = 4; lastKnownFileType = sourcecode.c.objc; path = LXVideoControlsView.m; sourceTree = "<group>"; };
		E3B615F1172B354500D017CB /* AFNetworking.framework */ = {isa = PBXFileReference; lastKnownFileType = wrapper.framework; name = AFNetworking.framework; path = External/AFNetworking.framework; sourceTree = "<group>"; };
		E3B615F3172B35FA00D017CB /* LXFeedParser.h */ = {isa = PBXFileReference; fileEncoding = 4; lastKnownFileType = sourcecode.c.h; path = LXFeedParser.h; sourceTree = "<group>"; };
		E3B615F4172B35FA00D017CB /* LXFeedParser.m */ = {isa = PBXFileReference; fileEncoding = 4; lastKnownFileType = sourcecode.c.objc; path = LXFeedParser.m; sourceTree = "<group>"; };
		E3B615F6172B3E6400D017CB /* MobileCoreServices.framework */ = {isa = PBXFileReference; lastKnownFileType = wrapper.framework; name = MobileCoreServices.framework; path = System/Library/Frameworks/MobileCoreServices.framework; sourceTree = SDKROOT; };
		E3B615F8172B3E6A00D017CB /* SystemConfiguration.framework */ = {isa = PBXFileReference; lastKnownFileType = wrapper.framework; name = SystemConfiguration.framework; path = System/Library/Frameworks/SystemConfiguration.framework; sourceTree = SDKROOT; };
		E3CF9688174EB26E00D67968 /* LXItem.h */ = {isa = PBXFileReference; fileEncoding = 4; lastKnownFileType = sourcecode.c.h; path = LXItem.h; sourceTree = "<group>"; };
		E3CF9689174EB26E00D67968 /* LXItem.m */ = {isa = PBXFileReference; fileEncoding = 4; lastKnownFileType = sourcecode.c.objc; path = LXItem.m; sourceTree = "<group>"; };
/* End PBXFileReference section */

/* Begin PBXFrameworksBuildPhase section */
		E333F3F6172B1F300089410C /* Frameworks */ = {
			isa = PBXFrameworksBuildPhase;
			buildActionMask = 2147483647;
			files = (
				E3AA22751751393600AD895E /* QuartzCore.framework in Frameworks */,
				E3B615F9172B3E6B00D017CB /* SystemConfiguration.framework in Frameworks */,
				E3B615F7172B3E6400D017CB /* MobileCoreServices.framework in Frameworks */,
				E333F3FD172B1F300089410C /* UIKit.framework in Frameworks */,
				E333F3FF172B1F300089410C /* Foundation.framework in Frameworks */,
				E333F401172B1F300089410C /* CoreGraphics.framework in Frameworks */,
				E3B615F2172B354500D017CB /* AFNetworking.framework in Frameworks */,
				E3AA227317512B3B00AD895E /* MAKVONotificationCenter.framework in Frameworks */,
			);
			runOnlyForDeploymentPostprocessing = 0;
		};
/* End PBXFrameworksBuildPhase section */

/* Begin PBXGroup section */
		E333F3F0172B1F300089410C = {
			isa = PBXGroup;
			children = (
				E333F402172B1F300089410C /* Luxor */,
				E333F3FB172B1F300089410C /* Frameworks */,
				E333F3FA172B1F300089410C /* Products */,
			);
			sourceTree = "<group>";
		};
		E333F3FA172B1F300089410C /* Products */ = {
			isa = PBXGroup;
			children = (
				E333F3F9172B1F300089410C /* Luxor.app */,
			);
			name = Products;
			sourceTree = "<group>";
		};
		E333F3FB172B1F300089410C /* Frameworks */ = {
			isa = PBXGroup;
			children = (
				E3AA22741751393600AD895E /* QuartzCore.framework */,
				E3AA227217512B3B00AD895E /* MAKVONotificationCenter.framework */,
				E3B615F8172B3E6A00D017CB /* SystemConfiguration.framework */,
				E3B615F6172B3E6400D017CB /* MobileCoreServices.framework */,
				E3B615F1172B354500D017CB /* AFNetworking.framework */,
				E333F3FC172B1F300089410C /* UIKit.framework */,
				E333F3FE172B1F300089410C /* Foundation.framework */,
				E333F400172B1F300089410C /* CoreGraphics.framework */,
			);
			name = Frameworks;
			sourceTree = "<group>";
		};
		E333F402172B1F300089410C /* Luxor */ = {
			isa = PBXGroup;
			children = (
				E333F40B172B1F300089410C /* LXAppDelegate.h */,
				E333F40C172B1F300089410C /* LXAppDelegate.m */,
				E3B614E4172B22EE00D017CB /* Models */,
				E3B615E9172B342400D017CB /* Views */,
				E3B615EA172B342C00D017CB /* Controllers */,
				E373A0F717521798003D4FB3 /* Categories */,
				E373A0FE17522ECF003D4FB3 /* Helpers */,
				E333F403172B1F300089410C /* Supporting Files */,
			);
			path = Luxor;
			sourceTree = "<group>";
		};
		E333F403172B1F300089410C /* Supporting Files */ = {
			isa = PBXGroup;
			children = (
				E333F404172B1F300089410C /* Luxor-Info.plist */,
				E333F405172B1F300089410C /* InfoPlist.strings */,
				E333F408172B1F300089410C /* main.m */,
				E333F40A172B1F300089410C /* Luxor-Prefix.pch */,
				E333F40E172B1F300089410C /* Default.png */,
				E333F410172B1F300089410C /* Default@2x.png */,
				E333F412172B1F300089410C /* Default-568h@2x.png */,
			);
			name = "Supporting Files";
			sourceTree = "<group>";
		};
		E373A0F717521798003D4FB3 /* Categories */ = {
			isa = PBXGroup;
			children = (
				E373A11617526555003D4FB3 /* IACoreKitGlobals.h */,
				E373A1101752654B003D4FB3 /* NSObject+IAExtras.h */,
				E373A1111752654B003D4FB3 /* NSObject+IAExtras.m */,
				E373A1121752654B003D4FB3 /* UIGestureRecognizer+IAExtras.h */,
				E373A1131752654B003D4FB3 /* UIGestureRecognizer+IAExtras.m */,
				E373A0F8175217BB003D4FB3 /* UIColor+LXAdditions.h */,
				E373A0F9175217BB003D4FB3 /* UIColor+LXAdditions.m */,
				E373A0FB175220AD003D4FB3 /* UIFont+LXAdditions.h */,
				E373A0FC175220AD003D4FB3 /* UIFont+LXAdditions.m */,
			);
			name = Categories;
			sourceTree = "<group>";
		};
		E373A0FE17522ECF003D4FB3 /* Helpers */ = {
			isa = PBXGroup;
			children = (
				E373A0FF17522EE5003D4FB3 /* IADrawingUtilities.h */,
				E373A10017522EE5003D4FB3 /* IADrawingUtilities.m */,
			);
			name = Helpers;
			path = ..;
			sourceTree = "<group>";
		};
		E373A10217523AE5003D4FB3 /* ItemsViewController */ = {
			isa = PBXGroup;
			children = (
				E373A10317523B3D003D4FB3 /* LXItemsViewController.h */,
				E373A10417523B3D003D4FB3 /* LXItemsViewController.m */,
				E373A10D17525B81003D4FB3 /* LXItemCell.h */,
				E373A10E17525B81003D4FB3 /* LXItemCell.m */,
			);
			name = ItemsViewController;
			sourceTree = "<group>";
		};
		E391B136175003B6009A8C1B /* FeedsViewController */ = {
			isa = PBXGroup;
			children = (
				E391B133174FFF13009A8C1B /* LXFeedsViewController.h */,
				E391B134174FFF13009A8C1B /* LXFeedsViewController.m */,
				E391B13D17500449009A8C1B /* LXFeedsCollectionViewLayout.h */,
				E391B13E17500449009A8C1B /* LXFeedsCollectionViewLayout.m */,
				E391B141175006FD009A8C1B /* LXFeedCell.h */,
				E391B142175006FD009A8C1B /* LXFeedCell.m */,
			);
			name = FeedsViewController;
			sourceTree = "<group>";
		};
		E3B614E2172B21BC00D017CB /* ViewControllers */ = {
			isa = PBXGroup;
			children = (
				E391B136175003B6009A8C1B /* FeedsViewController */,
				E373A10217523AE5003D4FB3 /* ItemsViewController */,
			);
			name = ViewControllers;
			sourceTree = "<group>";
		};
		E3B614E3172B223700D017CB /* DataControllers */ = {
			isa = PBXGroup;
			children = (
				E3B615F3172B35FA00D017CB /* LXFeedParser.h */,
				E3B615F4172B35FA00D017CB /* LXFeedParser.m */,
			);
			name = DataControllers;
			sourceTree = "<group>";
		};
		E3B614E4172B22EE00D017CB /* Models */ = {
			isa = PBXGroup;
			children = (
				E3CF9688174EB26E00D67968 /* LXItem.h */,
				E3CF9689174EB26E00D67968 /* LXItem.m */,
				E3B614E5172B263E00D017CB /* LXFeed.h */,
				E3B614E6172B263E00D017CB /* LXFeed.m */,
				E3B615E6172B340B00D017CB /* LXVideo.h */,
				E3B615E7172B340B00D017CB /* LXVideo.m */,
			);
			name = Models;
			sourceTree = "<group>";
		};
		E3B615E9172B342400D017CB /* Views */ = {
			isa = PBXGroup;
			children = (
				E3B615EB172B347100D017CB /* LXVideoView.h */,
				E3B615EC172B347100D017CB /* LXVideoView.m */,
				E3B615EE172B347F00D017CB /* LXVideoControlsView.h */,
				E3B615EF172B347F00D017CB /* LXVideoControlsView.m */,
			);
			name = Views;
			sourceTree = "<group>";
		};
		E3B615EA172B342C00D017CB /* Controllers */ = {
			isa = PBXGroup;
			children = (
				E3B614E2172B21BC00D017CB /* ViewControllers */,
				E3B614E3172B223700D017CB /* DataControllers */,
			);
			name = Controllers;
			sourceTree = "<group>";
		};
/* End PBXGroup section */

/* Begin PBXNativeTarget section */
		E333F3F8172B1F300089410C /* Luxor */ = {
			isa = PBXNativeTarget;
			buildConfigurationList = E333F41F172B1F300089410C /* Build configuration list for PBXNativeTarget "Luxor" */;
			buildPhases = (
				E333F3F5172B1F300089410C /* Sources */,
				E333F3F6172B1F300089410C /* Frameworks */,
				E333F3F7172B1F300089410C /* Resources */,
			);
			buildRules = (
			);
			dependencies = (
			);
			name = Luxor;
			productName = Luxor;
			productReference = E333F3F9172B1F300089410C /* Luxor.app */;
			productType = "com.apple.product-type.application";
		};
/* End PBXNativeTarget section */

/* Begin PBXProject section */
		E333F3F1172B1F300089410C /* Project object */ = {
			isa = PBXProject;
			attributes = {
				CLASSPREFIX = LX;
				LastUpgradeCheck = 0460;
				ORGANIZATIONNAME = Monowerks;
			};
			buildConfigurationList = E333F3F4172B1F300089410C /* Build configuration list for PBXProject "Luxor" */;
			compatibilityVersion = "Xcode 3.2";
			developmentRegion = English;
			hasScannedForEncodings = 0;
			knownRegions = (
				en,
			);
			mainGroup = E333F3F0172B1F300089410C;
			productRefGroup = E333F3FA172B1F300089410C /* Products */;
			projectDirPath = "";
			projectRoot = "";
			targets = (
				E333F3F8172B1F300089410C /* Luxor */,
			);
		};
/* End PBXProject section */

/* Begin PBXResourcesBuildPhase section */
		E333F3F7172B1F300089410C /* Resources */ = {
			isa = PBXResourcesBuildPhase;
			buildActionMask = 2147483647;
			files = (
				E333F407172B1F300089410C /* InfoPlist.strings in Resources */,
				E333F40F172B1F300089410C /* Default.png in Resources */,
				E333F411172B1F300089410C /* Default@2x.png in Resources */,
				E333F413172B1F300089410C /* Default-568h@2x.png in Resources */,
			);
			runOnlyForDeploymentPostprocessing = 0;
		};
/* End PBXResourcesBuildPhase section */

/* Begin PBXSourcesBuildPhase section */
		E333F3F5172B1F300089410C /* Sources */ = {
			isa = PBXSourcesBuildPhase;
			buildActionMask = 2147483647;
			files = (
				E333F409172B1F300089410C /* main.m in Sources */,
				E333F40D172B1F300089410C /* LXAppDelegate.m in Sources */,
				E3B614E7172B263E00D017CB /* LXFeed.m in Sources */,
				E3B615E8172B340B00D017CB /* LXVideo.m in Sources */,
				E3B615ED172B347100D017CB /* LXVideoView.m in Sources */,
				E3B615F0172B347F00D017CB /* LXVideoControlsView.m in Sources */,
				E3B615F5172B35FA00D017CB /* LXFeedParser.m in Sources */,
				E3CF968A174EB26F00D67968 /* LXItem.m in Sources */,
				E391B135174FFF14009A8C1B /* LXFeedsViewController.m in Sources */,
				E391B13F17500449009A8C1B /* LXFeedsCollectionViewLayout.m in Sources */,
				E391B143175006FD009A8C1B /* LXFeedCell.m in Sources */,
				E373A0FA175217BB003D4FB3 /* UIColor+LXAdditions.m in Sources */,
				E373A0FD175220AD003D4FB3 /* UIFont+LXAdditions.m in Sources */,
				E373A10117522EE5003D4FB3 /* IADrawingUtilities.m in Sources */,
				E373A10517523B3D003D4FB3 /* LXItemsViewController.m in Sources */,
				E373A10F17525B81003D4FB3 /* LXItemCell.m in Sources */,
				E373A1141752654B003D4FB3 /* NSObject+IAExtras.m in Sources */,
				E373A1151752654B003D4FB3 /* UIGestureRecognizer+IAExtras.m in Sources */,
			);
			runOnlyForDeploymentPostprocessing = 0;
		};
/* End PBXSourcesBuildPhase section */

/* Begin PBXVariantGroup section */
		E333F405172B1F300089410C /* InfoPlist.strings */ = {
			isa = PBXVariantGroup;
			children = (
				E333F406172B1F300089410C /* en */,
			);
			name = InfoPlist.strings;
			sourceTree = "<group>";
		};
/* End PBXVariantGroup section */

/* Begin XCBuildConfiguration section */
		E333F41D172B1F300089410C /* Debug */ = {
			isa = XCBuildConfiguration;
			buildSettings = {
				ALWAYS_SEARCH_USER_PATHS = NO;
				CLANG_CXX_LANGUAGE_STANDARD = "gnu++0x";
				CLANG_CXX_LIBRARY = "libc++";
				CLANG_ENABLE_OBJC_ARC = YES;
				CLANG_WARN_CONSTANT_CONVERSION = YES;
				CLANG_WARN_EMPTY_BODY = YES;
				CLANG_WARN_ENUM_CONVERSION = YES;
				CLANG_WARN_INT_CONVERSION = YES;
				CLANG_WARN__DUPLICATE_METHOD_MATCH = YES;
				"CODE_SIGN_IDENTITY[sdk=iphoneos*]" = "iPhone Developer";
				COPY_PHASE_STRIP = NO;
				GCC_C_LANGUAGE_STANDARD = gnu99;
				GCC_DYNAMIC_NO_PIC = NO;
				GCC_OPTIMIZATION_LEVEL = 0;
				GCC_PREPROCESSOR_DEFINITIONS = (
					"DEBUG=1",
					"$(inherited)",
				);
				GCC_SYMBOLS_PRIVATE_EXTERN = NO;
				GCC_WARN_ABOUT_RETURN_TYPE = YES;
				GCC_WARN_UNINITIALIZED_AUTOS = YES;
				GCC_WARN_UNUSED_VARIABLE = YES;
				IPHONEOS_DEPLOYMENT_TARGET = 6.1;
				ONLY_ACTIVE_ARCH = YES;
				SDKROOT = iphoneos;
				TARGETED_DEVICE_FAMILY = "1,2";
			};
			name = Debug;
		};
		E333F41E172B1F300089410C /* Release */ = {
			isa = XCBuildConfiguration;
			buildSettings = {
				ALWAYS_SEARCH_USER_PATHS = NO;
				CLANG_CXX_LANGUAGE_STANDARD = "gnu++0x";
				CLANG_CXX_LIBRARY = "libc++";
				CLANG_ENABLE_OBJC_ARC = YES;
				CLANG_WARN_CONSTANT_CONVERSION = YES;
				CLANG_WARN_EMPTY_BODY = YES;
				CLANG_WARN_ENUM_CONVERSION = YES;
				CLANG_WARN_INT_CONVERSION = YES;
				CLANG_WARN__DUPLICATE_METHOD_MATCH = YES;
				"CODE_SIGN_IDENTITY[sdk=iphoneos*]" = "iPhone Developer";
				COPY_PHASE_STRIP = YES;
				GCC_C_LANGUAGE_STANDARD = gnu99;
				GCC_WARN_ABOUT_RETURN_TYPE = YES;
				GCC_WARN_UNINITIALIZED_AUTOS = YES;
				GCC_WARN_UNUSED_VARIABLE = YES;
				IPHONEOS_DEPLOYMENT_TARGET = 6.1;
				OTHER_CFLAGS = "-DNS_BLOCK_ASSERTIONS=1";
				SDKROOT = iphoneos;
				TARGETED_DEVICE_FAMILY = "1,2";
				VALIDATE_PRODUCT = YES;
			};
			name = Release;
		};
		E333F420172B1F300089410C /* Debug */ = {
			isa = XCBuildConfiguration;
			buildSettings = {
				FRAMEWORK_SEARCH_PATHS = (
					"$(inherited)",
					"\"$(SRCROOT)/External\"",
				);
				GCC_PRECOMPILE_PREFIX_HEADER = YES;
				GCC_PREFIX_HEADER = "Luxor/Luxor-Prefix.pch";
				INFOPLIST_FILE = "Luxor/Luxor-Info.plist";
				OTHER_LDFLAGS = (
					"-all_load",
					"-ObjC",
				);
				PRODUCT_NAME = "$(TARGET_NAME)";
				WRAPPER_EXTENSION = app;
			};
			name = Debug;
		};
		E333F421172B1F300089410C /* Release */ = {
			isa = XCBuildConfiguration;
			buildSettings = {
				FRAMEWORK_SEARCH_PATHS = (
					"$(inherited)",
					"\"$(SRCROOT)/External\"",
				);
				GCC_PRECOMPILE_PREFIX_HEADER = YES;
				GCC_PREFIX_HEADER = "Luxor/Luxor-Prefix.pch";
				INFOPLIST_FILE = "Luxor/Luxor-Info.plist";
				OTHER_LDFLAGS = (
					"-all_load",
					"-ObjC",
				);
				PRODUCT_NAME = "$(TARGET_NAME)";
				WRAPPER_EXTENSION = app;
			};
			name = Release;
		};
/* End XCBuildConfiguration section */

/* Begin XCConfigurationList section */
		E333F3F4172B1F300089410C /* Build configuration list for PBXProject "Luxor" */ = {
			isa = XCConfigurationList;
			buildConfigurations = (
				E333F41D172B1F300089410C /* Debug */,
				E333F41E172B1F300089410C /* Release */,
			);
			defaultConfigurationIsVisible = 0;
			defaultConfigurationName = Release;
		};
		E333F41F172B1F300089410C /* Build configuration list for PBXNativeTarget "Luxor" */ = {
			isa = XCConfigurationList;
			buildConfigurations = (
				E333F420172B1F300089410C /* Debug */,
				E333F421172B1F300089410C /* Release */,
			);
			defaultConfigurationIsVisible = 0;
			defaultConfigurationName = Release;
		};
/* End XCConfigurationList section */
	};
	rootObject = E333F3F1172B1F300089410C /* Project object */;
}
